// !$*UTF8*$!
{
	archiveVersion = 1;
	classes = {
	};
	objectVersion = 77;
	objects = {

/* Begin PBXBuildFile section */
		51C500142D7AE34600A230C5 /* Assets.xcassets in Resources */ = {isa = PBXBuildFile; fileRef = 51C5000C2D7AE34600A230C5 /* Assets.xcassets */; };
		51C500152D7AE34600A230C5 /* ContentView.swift in Sources */ = {isa = PBXBuildFile; fileRef = 51C5000D2D7AE34600A230C5 /* ContentView.swift */; };
		51C500162D7AE34600A230C5 /* DataController.swift in Sources */ = {isa = PBXBuildFile; fileRef = 51C5000E2D7AE34600A230C5 /* DataController.swift */; };
		51C500172D7AE34600A230C5 /* Dream.swift in Sources */ = {isa = PBXBuildFile; fileRef = 51C5000F2D7AE34600A230C5 /* Dream.swift */; };
		51C500182D7AE34600A230C5 /* DreamcatcherApp.swift in Sources */ = {isa = PBXBuildFile; fileRef = 51C500102D7AE34600A230C5 /* DreamcatcherApp.swift */; };
		51C500192D7AE34600A230C5 /* DreamEditor.swift in Sources */ = {isa = PBXBuildFile; fileRef = 51C500112D7AE34600A230C5 /* DreamEditor.swift */; };
		51C5001A2D7AE34600A230C5 /* DreamList.swift in Sources */ = {isa = PBXBuildFile; fileRef = 51C500122D7AE34600A230C5 /* DreamList.swift */; };
		BB07C5BE2D8DEF000029DBBC /* CountRecentDreamsIntent.swift in Sources */ = {isa = PBXBuildFile; fileRef = BB07C5BD2D8DEF000029DBBC /* CountRecentDreamsIntent.swift */; };
		BB07C5C02D8DF1100029DBBC /* ShortcutsProvider.swift in Sources */ = {isa = PBXBuildFile; fileRef = BB07C5BF2D8DF1100029DBBC /* ShortcutsProvider.swift */; };
		BB1D85022D8E780D009480DE /* DreamEntity.swift in Sources */ = {isa = PBXBuildFile; fileRef = BB1D85012D8E780D009480DE /* DreamEntity.swift */; };
		BB1D85062D8EA3E1009480DE /* AddToRecentDreamIntent.swift in Sources */ = {isa = PBXBuildFile; fileRef = BB1D85052D8EA3E1009480DE /* AddToRecentDreamIntent.swift */; };
		BB1D85082D8F1556009480DE /* OpenDreamDetailsIntent.swift in Sources */ = {isa = PBXBuildFile; fileRef = BB1D85072D8F1556009480DE /* OpenDreamDetailsIntent.swift */; };
		BB42E8BD2D9033CA00925296 /* OpenDreamInAppIntent.swift in Sources */ = {isa = PBXBuildFile; fileRef = BB42E8BC2D9033CA00925296 /* OpenDreamInAppIntent.swift */; };
		BB42E8C32D9113AB00925296 /* View+Extensions.swift in Sources */ = {isa = PBXBuildFile; fileRef = BB42E8C22D9113AB00925296 /* View+Extensions.swift */; };
		BB42E8C52D91150700925296 /* DreamRow.swift in Sources */ = {isa = PBXBuildFile; fileRef = BB42E8C42D91150700925296 /* DreamRow.swift */; };
/* End PBXBuildFile section */

/* Begin PBXFileReference section */
		51C5000C2D7AE34600A230C5 /* Assets.xcassets */ = {isa = PBXFileReference; lastKnownFileType = folder.assetcatalog; path = Assets.xcassets; sourceTree = "<group>"; };
		51C5000D2D7AE34600A230C5 /* ContentView.swift */ = {isa = PBXFileReference; lastKnownFileType = sourcecode.swift; path = ContentView.swift; sourceTree = "<group>"; };
		51C5000E2D7AE34600A230C5 /* DataController.swift */ = {isa = PBXFileReference; lastKnownFileType = sourcecode.swift; path = DataController.swift; sourceTree = "<group>"; };
		51C5000F2D7AE34600A230C5 /* Dream.swift */ = {isa = PBXFileReference; lastKnownFileType = sourcecode.swift; path = Dream.swift; sourceTree = "<group>"; };
		51C500102D7AE34600A230C5 /* DreamcatcherApp.swift */ = {isa = PBXFileReference; lastKnownFileType = sourcecode.swift; path = DreamcatcherApp.swift; sourceTree = "<group>"; };
		51C500112D7AE34600A230C5 /* DreamEditor.swift */ = {isa = PBXFileReference; lastKnownFileType = sourcecode.swift; path = DreamEditor.swift; sourceTree = "<group>"; };
		51C500122D7AE34600A230C5 /* DreamList.swift */ = {isa = PBXFileReference; lastKnownFileType = sourcecode.swift; path = DreamList.swift; sourceTree = "<group>"; };
		51C5FFF42D7ADC2300A230C5 /* Dreamcatcher.app */ = {isa = PBXFileReference; explicitFileType = wrapper.application; includeInIndex = 0; path = Dreamcatcher.app; sourceTree = BUILT_PRODUCTS_DIR; };
		BB07C5BD2D8DEF000029DBBC /* CountRecentDreamsIntent.swift */ = {isa = PBXFileReference; lastKnownFileType = sourcecode.swift; path = CountRecentDreamsIntent.swift; sourceTree = "<group>"; };
		BB07C5BF2D8DF1100029DBBC /* ShortcutsProvider.swift */ = {isa = PBXFileReference; lastKnownFileType = sourcecode.swift; path = ShortcutsProvider.swift; sourceTree = "<group>"; };
		BB1D85012D8E780D009480DE /* DreamEntity.swift */ = {isa = PBXFileReference; lastKnownFileType = sourcecode.swift; path = DreamEntity.swift; sourceTree = "<group>"; };
		BB1D85052D8EA3E1009480DE /* AddToRecentDreamIntent.swift */ = {isa = PBXFileReference; lastKnownFileType = sourcecode.swift; path = AddToRecentDreamIntent.swift; sourceTree = "<group>"; };
		BB1D85072D8F1556009480DE /* OpenDreamDetailsIntent.swift */ = {isa = PBXFileReference; lastKnownFileType = sourcecode.swift; path = OpenDreamDetailsIntent.swift; sourceTree = "<group>"; };
		BB42E8BC2D9033CA00925296 /* OpenDreamInAppIntent.swift */ = {isa = PBXFileReference; lastKnownFileType = sourcecode.swift; path = OpenDreamInAppIntent.swift; sourceTree = "<group>"; };
		BB42E8C22D9113AB00925296 /* View+Extensions.swift */ = {isa = PBXFileReference; lastKnownFileType = sourcecode.swift; path = "View+Extensions.swift"; sourceTree = "<group>"; };
		BB42E8C42D91150700925296 /* DreamRow.swift */ = {isa = PBXFileReference; lastKnownFileType = sourcecode.swift; path = DreamRow.swift; sourceTree = "<group>"; };
		BB42E8C62D9118F600925296 /* Dreamcatcher.entitlements */ = {isa = PBXFileReference; lastKnownFileType = text.plist.entitlements; path = Dreamcatcher.entitlements; sourceTree = "<group>"; };
		BB42E8C72D9121B700925296 /* Info.plist */ = {isa = PBXFileReference; lastKnownFileType = text.plist; path = Info.plist; sourceTree = "<group>"; };
/* End PBXFileReference section */

/* Begin PBXFrameworksBuildPhase section */
		51C5FFF12D7ADC2300A230C5 /* Frameworks */ = {
			isa = PBXFrameworksBuildPhase;
			buildActionMask = 2147483647;
			files = (
			);
			runOnlyForDeploymentPostprocessing = 0;
		};
/* End PBXFrameworksBuildPhase section */

/* Begin PBXGroup section */
		51C500132D7AE34600A230C5 /* Dreamcatcher */ = {
			isa = PBXGroup;
			children = (
				BB42E8C72D9121B700925296 /* Info.plist */,
				BB42E8C62D9118F600925296 /* Dreamcatcher.entitlements */,
				BB42E8C02D90EE8200925296 /* Model */,
				BB42E8BF2D90EE7E00925296 /* Views */,
				BB42E8BE2D90EE7900925296 /* AppIntents */,
				BB42E8C12D91139F00925296 /* Support */,
				51C5000C2D7AE34600A230C5 /* Assets.xcassets */,
				51C500102D7AE34600A230C5 /* DreamcatcherApp.swift */,
			);
			path = Dreamcatcher;
			sourceTree = "<group>";
		};
		51C5FFEB2D7ADC2300A230C5 = {
			isa = PBXGroup;
			children = (
				51C500132D7AE34600A230C5 /* Dreamcatcher */,
				51C5FFF52D7ADC2300A230C5 /* Products */,
			);
			sourceTree = "<group>";
		};
		51C5FFF52D7ADC2300A230C5 /* Products */ = {
			isa = PBXGroup;
			children = (
				51C5FFF42D7ADC2300A230C5 /* Dreamcatcher.app */,
			);
			name = Products;
			sourceTree = "<group>";
		};
		BB42E8BE2D90EE7900925296 /* AppIntents */ = {
			isa = PBXGroup;
			children = (
				BB07C5BD2D8DEF000029DBBC /* CountRecentDreamsIntent.swift */,
				BB1D85052D8EA3E1009480DE /* AddToRecentDreamIntent.swift */,
				BB42E8BC2D9033CA00925296 /* OpenDreamInAppIntent.swift */,
				BB1D85072D8F1556009480DE /* OpenDreamDetailsIntent.swift */,
				BB07C5BF2D8DF1100029DBBC /* ShortcutsProvider.swift */,
			);
			path = AppIntents;
			sourceTree = "<group>";
		};
		BB42E8BF2D90EE7E00925296 /* Views */ = {
			isa = PBXGroup;
			children = (
				51C5000D2D7AE34600A230C5 /* ContentView.swift */,
				51C500122D7AE34600A230C5 /* DreamList.swift */,
				BB42E8C42D91150700925296 /* DreamRow.swift */,
				51C500112D7AE34600A230C5 /* DreamEditor.swift */,
			);
			path = Views;
			sourceTree = "<group>";
		};
		BB42E8C02D90EE8200925296 /* Model */ = {
			isa = PBXGroup;
			children = (
				51C5000F2D7AE34600A230C5 /* Dream.swift */,
				51C5000E2D7AE34600A230C5 /* DataController.swift */,
				BB1D85012D8E780D009480DE /* DreamEntity.swift */,
			);
			path = Model;
			sourceTree = "<group>";
		};
		BB42E8C12D91139F00925296 /* Support */ = {
			isa = PBXGroup;
			children = (
				BB42E8C22D9113AB00925296 /* View+Extensions.swift */,
			);
			path = Support;
			sourceTree = "<group>";
		};
/* End PBXGroup section */

/* Begin PBXNativeTarget section */
		51C5FFF32D7ADC2300A230C5 /* Dreamcatcher */ = {
			isa = PBXNativeTarget;
			buildConfigurationList = 51C5FFFF2D7ADC2400A230C5 /* Build configuration list for PBXNativeTarget "Dreamcatcher" */;
			buildPhases = (
				51C5FFF02D7ADC2300A230C5 /* Sources */,
				51C5FFF12D7ADC2300A230C5 /* Frameworks */,
				51C5FFF22D7ADC2300A230C5 /* Resources */,
			);
			buildRules = (
			);
			dependencies = (
			);
			name = Dreamcatcher;
			packageProductDependencies = (
			);
			productName = Dreamcatcher;
			productReference = 51C5FFF42D7ADC2300A230C5 /* Dreamcatcher.app */;
			productType = "com.apple.product-type.application";
		};
/* End PBXNativeTarget section */

/* Begin PBXProject section */
		51C5FFEC2D7ADC2300A230C5 /* Project object */ = {
			isa = PBXProject;
			attributes = {
				BuildIndependentTargetsInParallel = 1;
				LastSwiftUpdateCheck = 1630;
				LastUpgradeCheck = 1630;
				TargetAttributes = {
					51C5FFF32D7ADC2300A230C5 = {
						CreatedOnToolsVersion = 16.3;
					};
				};
			};
			buildConfigurationList = 51C5FFEF2D7ADC2300A230C5 /* Build configuration list for PBXProject "Dreamcatcher" */;
			developmentRegion = en;
			hasScannedForEncodings = 0;
			knownRegions = (
				en,
				Base,
			);
			mainGroup = 51C5FFEB2D7ADC2300A230C5;
			minimizedProjectReferenceProxies = 1;
			preferredProjectObjectVersion = 77;
			productRefGroup = 51C5FFF52D7ADC2300A230C5 /* Products */;
			projectDirPath = "";
			projectRoot = "";
			targets = (
				51C5FFF32D7ADC2300A230C5 /* Dreamcatcher */,
			);
		};
/* End PBXProject section */

/* Begin PBXResourcesBuildPhase section */
		51C5FFF22D7ADC2300A230C5 /* Resources */ = {
			isa = PBXResourcesBuildPhase;
			buildActionMask = 2147483647;
			files = (
				51C500142D7AE34600A230C5 /* Assets.xcassets in Resources */,
			);
			runOnlyForDeploymentPostprocessing = 0;
		};
/* End PBXResourcesBuildPhase section */

/* Begin PBXSourcesBuildPhase section */
		51C5FFF02D7ADC2300A230C5 /* Sources */ = {
			isa = PBXSourcesBuildPhase;
			buildActionMask = 2147483647;
			files = (
				51C500152D7AE34600A230C5 /* ContentView.swift in Sources */,
				51C500162D7AE34600A230C5 /* DataController.swift in Sources */,
				BB42E8C52D91150700925296 /* DreamRow.swift in Sources */,
				BB42E8BD2D9033CA00925296 /* OpenDreamInAppIntent.swift in Sources */,
				BB1D85022D8E780D009480DE /* DreamEntity.swift in Sources */,
				BB1D85062D8EA3E1009480DE /* AddToRecentDreamIntent.swift in Sources */,
				BB07C5BE2D8DEF000029DBBC /* CountRecentDreamsIntent.swift in Sources */,
				51C500172D7AE34600A230C5 /* Dream.swift in Sources */,
				BB07C5C02D8DF1100029DBBC /* ShortcutsProvider.swift in Sources */,
				51C500182D7AE34600A230C5 /* DreamcatcherApp.swift in Sources */,
				BB42E8C32D9113AB00925296 /* View+Extensions.swift in Sources */,
				BB1D85082D8F1556009480DE /* OpenDreamDetailsIntent.swift in Sources */,
				51C500192D7AE34600A230C5 /* DreamEditor.swift in Sources */,
				51C5001A2D7AE34600A230C5 /* DreamList.swift in Sources */,
			);
			runOnlyForDeploymentPostprocessing = 0;
		};
/* End PBXSourcesBuildPhase section */

/* Begin XCBuildConfiguration section */
		51C500002D7ADC2400A230C5 /* Debug */ = {
			isa = XCBuildConfiguration;
			buildSettings = {
				ASSETCATALOG_COMPILER_APPICON_NAME = AppIcon;
				ASSETCATALOG_COMPILER_GLOBAL_ACCENT_COLOR_NAME = AccentColor;
				CODE_SIGN_ENTITLEMENTS = Dreamcatcher/Dreamcatcher.entitlements;
				CODE_SIGN_STYLE = Automatic;
				CURRENT_PROJECT_VERSION = 1;
				DEVELOPMENT_TEAM = RH7GF9MW76;
				ENABLE_PREVIEWS = YES;
				GENERATE_INFOPLIST_FILE = YES;
				INFOPLIST_FILE = Dreamcatcher/Info.plist;
				INFOPLIST_KEY_CFBundleDisplayName = Dreamscape;
				INFOPLIST_KEY_LSApplicationCategoryType = "public.app-category.lifestyle";
				INFOPLIST_KEY_UIApplicationSceneManifest_Generation = YES;
				INFOPLIST_KEY_UIApplicationSupportsIndirectInputEvents = YES;
				INFOPLIST_KEY_UILaunchScreen_Generation = YES;
				INFOPLIST_KEY_UISupportedInterfaceOrientations = UIInterfaceOrientationPortrait;
				INFOPLIST_KEY_UISupportedInterfaceOrientations_iPad = "UIInterfaceOrientationLandscapeLeft UIInterfaceOrientationLandscapeRight UIInterfaceOrientationPortrait UIInterfaceOrientationPortraitUpsideDown";
				IPHONEOS_DEPLOYMENT_TARGET = 18.0;
				LD_RUNPATH_SEARCH_PATHS = (
					"$(inherited)",
					"@executable_path/Frameworks",
				);
				MACOSX_DEPLOYMENT_TARGET = 15.0;
				MARKETING_VERSION = 1.0;
				PRODUCT_BUNDLE_IDENTIFIER = com.dextercode.dreamscape;
				PRODUCT_NAME = "$(TARGET_NAME)";
				REGISTER_APP_GROUPS = NO;
				SUPPORTED_PLATFORMS = "iphoneos iphonesimulator";
				SUPPORTS_MACCATALYST = NO;
				SUPPORTS_MAC_DESIGNED_FOR_IPHONE_IPAD = NO;
				SUPPORTS_XR_DESIGNED_FOR_IPHONE_IPAD = NO;
				SWIFT_EMIT_LOC_STRINGS = YES;
				SWIFT_VERSION = 6.0;
				TARGETED_DEVICE_FAMILY = "1,2";
			};
			name = Debug;
		};
		51C500012D7ADC2400A230C5 /* Release */ = {
			isa = XCBuildConfiguration;
			buildSettings = {
				ASSETCATALOG_COMPILER_APPICON_NAME = AppIcon;
				ASSETCATALOG_COMPILER_GLOBAL_ACCENT_COLOR_NAME = AccentColor;
				CODE_SIGN_ENTITLEMENTS = Dreamcatcher/Dreamcatcher.entitlements;
				CODE_SIGN_STYLE = Automatic;
				CURRENT_PROJECT_VERSION = 1;
				DEVELOPMENT_TEAM = RH7GF9MW76;
				ENABLE_PREVIEWS = YES;
				GENERATE_INFOPLIST_FILE = YES;
				INFOPLIST_FILE = Dreamcatcher/Info.plist;
				INFOPLIST_KEY_CFBundleDisplayName = Dreamscape;
				INFOPLIST_KEY_LSApplicationCategoryType = "public.app-category.lifestyle";
				INFOPLIST_KEY_UIApplicationSceneManifest_Generation = YES;
				INFOPLIST_KEY_UIApplicationSupportsIndirectInputEvents = YES;
				INFOPLIST_KEY_UILaunchScreen_Generation = YES;
				INFOPLIST_KEY_UISupportedInterfaceOrientations = UIInterfaceOrientationPortrait;
				INFOPLIST_KEY_UISupportedInterfaceOrientations_iPad = "UIInterfaceOrientationLandscapeLeft UIInterfaceOrientationLandscapeRight UIInterfaceOrientationPortrait UIInterfaceOrientationPortraitUpsideDown";
				IPHONEOS_DEPLOYMENT_TARGET = 18.0;
				LD_RUNPATH_SEARCH_PATHS = (
					"$(inherited)",
					"@executable_path/Frameworks",
				);
				MACOSX_DEPLOYMENT_TARGET = 15.0;
				MARKETING_VERSION = 1.0;
				PRODUCT_BUNDLE_IDENTIFIER = com.dextercode.dreamscape;
				PRODUCT_NAME = "$(TARGET_NAME)";
				REGISTER_APP_GROUPS = NO;
				SUPPORTED_PLATFORMS = "iphoneos iphonesimulator";
				SUPPORTS_MACCATALYST = NO;
				SUPPORTS_MAC_DESIGNED_FOR_IPHONE_IPAD = NO;
				SUPPORTS_XR_DESIGNED_FOR_IPHONE_IPAD = NO;
				SWIFT_EMIT_LOC_STRINGS = YES;
				SWIFT_VERSION = 6.0;
				TARGETED_DEVICE_FAMILY = "1,2";
			};
			name = Release;
		};
		51C5FFFD2D7ADC2400A230C5 /* Debug */ = {
			isa = XCBuildConfiguration;
			buildSettings = {
				ALWAYS_SEARCH_USER_PATHS = NO;
				ASSETCATALOG_COMPILER_GENERATE_SWIFT_ASSET_SYMBOL_EXTENSIONS = YES;
				CLANG_ANALYZER_NONNULL = YES;
				CLANG_ANALYZER_NUMBER_OBJECT_CONVERSION = YES_AGGRESSIVE;
				CLANG_CXX_LANGUAGE_STANDARD = "gnu++20";
				CLANG_ENABLE_MODULES = YES;
				CLANG_ENABLE_OBJC_ARC = YES;
				CLANG_ENABLE_OBJC_WEAK = YES;
				CLANG_WARN_BLOCK_CAPTURE_AUTORELEASING = YES;
				CLANG_WARN_BOOL_CONVERSION = YES;
				CLANG_WARN_COMMA = YES;
				CLANG_WARN_CONSTANT_CONVERSION = YES;
				CLANG_WARN_DEPRECATED_OBJC_IMPLEMENTATIONS = YES;
				CLANG_WARN_DIRECT_OBJC_ISA_USAGE = YES_ERROR;
				CLANG_WARN_DOCUMENTATION_COMMENTS = YES;
				CLANG_WARN_EMPTY_BODY = YES;
				CLANG_WARN_ENUM_CONVERSION = YES;
				CLANG_WARN_INFINITE_RECURSION = YES;
				CLANG_WARN_INT_CONVERSION = YES;
				CLANG_WARN_NON_LITERAL_NULL_CONVERSION = YES;
				CLANG_WARN_OBJC_IMPLICIT_RETAIN_SELF = YES;
				CLANG_WARN_OBJC_LITERAL_CONVERSION = YES;
				CLANG_WARN_OBJC_ROOT_CLASS = YES_ERROR;
				CLANG_WARN_QUOTED_INCLUDE_IN_FRAMEWORK_HEADER = YES;
				CLANG_WARN_RANGE_LOOP_ANALYSIS = YES;
				CLANG_WARN_STRICT_PROTOTYPES = YES;
				CLANG_WARN_SUSPICIOUS_MOVE = YES;
				CLANG_WARN_UNGUARDED_AVAILABILITY = YES_AGGRESSIVE;
				CLANG_WARN_UNREACHABLE_CODE = YES;
				CLANG_WARN__DUPLICATE_METHOD_MATCH = YES;
				COPY_PHASE_STRIP = NO;
				DEBUG_INFORMATION_FORMAT = dwarf;
				DEVELOPMENT_TEAM = B5C26XE59E;
				ENABLE_STRICT_OBJC_MSGSEND = YES;
				ENABLE_TESTABILITY = YES;
				ENABLE_USER_SCRIPT_SANDBOXING = YES;
				GCC_C_LANGUAGE_STANDARD = gnu17;
				GCC_DYNAMIC_NO_PIC = NO;
				GCC_NO_COMMON_BLOCKS = YES;
				GCC_OPTIMIZATION_LEVEL = 0;
				GCC_PREPROCESSOR_DEFINITIONS = (
					"DEBUG=1",
					"$(inherited)",
				);
				GCC_WARN_64_TO_32_BIT_CONVERSION = YES;
				GCC_WARN_ABOUT_RETURN_TYPE = YES_ERROR;
				GCC_WARN_UNDECLARED_SELECTOR = YES;
				GCC_WARN_UNINITIALIZED_AUTOS = YES_AGGRESSIVE;
				GCC_WARN_UNUSED_FUNCTION = YES;
				GCC_WARN_UNUSED_VARIABLE = YES;
				IPHONEOS_DEPLOYMENT_TARGET = 18.4;
				LOCALIZATION_PREFERS_STRING_CATALOGS = YES;
				MTL_ENABLE_DEBUG_INFO = INCLUDE_SOURCE;
				MTL_FAST_MATH = YES;
				ONLY_ACTIVE_ARCH = YES;
				SDKROOT = iphoneos;
				SWIFT_ACTIVE_COMPILATION_CONDITIONS = "DEBUG $(inherited)";
				SWIFT_OPTIMIZATION_LEVEL = "-Onone";
			};
			name = Debug;
		};
		51C5FFFE2D7ADC2400A230C5 /* Release */ = {
			isa = XCBuildConfiguration;
			buildSettings = {
				ALWAYS_SEARCH_USER_PATHS = NO;
				ASSETCATALOG_COMPILER_GENERATE_SWIFT_ASSET_SYMBOL_EXTENSIONS = YES;
				CLANG_ANALYZER_NONNULL = YES;
				CLANG_ANALYZER_NUMBER_OBJECT_CONVERSION = YES_AGGRESSIVE;
				CLANG_CXX_LANGUAGE_STANDARD = "gnu++20";
				CLANG_ENABLE_MODULES = YES;
				CLANG_ENABLE_OBJC_ARC = YES;
				CLANG_ENABLE_OBJC_WEAK = YES;
				CLANG_WARN_BLOCK_CAPTURE_AUTORELEASING = YES;
				CLANG_WARN_BOOL_CONVERSION = YES;
				CLANG_WARN_COMMA = YES;
				CLANG_WARN_CONSTANT_CONVERSION = YES;
				CLANG_WARN_DEPRECATED_OBJC_IMPLEMENTATIONS = YES;
				CLANG_WARN_DIRECT_OBJC_ISA_USAGE = YES_ERROR;
				CLANG_WARN_DOCUMENTATION_COMMENTS = YES;
				CLANG_WARN_EMPTY_BODY = YES;
				CLANG_WARN_ENUM_CONVERSION = YES;
				CLANG_WARN_INFINITE_RECURSION = YES;
				CLANG_WARN_INT_CONVERSION = YES;
				CLANG_WARN_NON_LITERAL_NULL_CONVERSION = YES;
				CLANG_WARN_OBJC_IMPLICIT_RETAIN_SELF = YES;
				CLANG_WARN_OBJC_LITERAL_CONVERSION = YES;
				CLANG_WARN_OBJC_ROOT_CLASS = YES_ERROR;
				CLANG_WARN_QUOTED_INCLUDE_IN_FRAMEWORK_HEADER = YES;
				CLANG_WARN_RANGE_LOOP_ANALYSIS = YES;
				CLANG_WARN_STRICT_PROTOTYPES = YES;
				CLANG_WARN_SUSPICIOUS_MOVE = YES;
				CLANG_WARN_UNGUARDED_AVAILABILITY = YES_AGGRESSIVE;
				CLANG_WARN_UNREACHABLE_CODE = YES;
				CLANG_WARN__DUPLICATE_METHOD_MATCH = YES;
				COPY_PHASE_STRIP = NO;
				DEBUG_INFORMATION_FORMAT = "dwarf-with-dsym";
				DEVELOPMENT_TEAM = B5C26XE59E;
				ENABLE_NS_ASSERTIONS = NO;
				ENABLE_STRICT_OBJC_MSGSEND = YES;
				ENABLE_USER_SCRIPT_SANDBOXING = YES;
				GCC_C_LANGUAGE_STANDARD = gnu17;
				GCC_NO_COMMON_BLOCKS = YES;
				GCC_WARN_64_TO_32_BIT_CONVERSION = YES;
				GCC_WARN_ABOUT_RETURN_TYPE = YES_ERROR;
				GCC_WARN_UNDECLARED_SELECTOR = YES;
				GCC_WARN_UNINITIALIZED_AUTOS = YES_AGGRESSIVE;
				GCC_WARN_UNUSED_FUNCTION = YES;
				GCC_WARN_UNUSED_VARIABLE = YES;
				IPHONEOS_DEPLOYMENT_TARGET = 18.4;
				LOCALIZATION_PREFERS_STRING_CATALOGS = YES;
				MTL_ENABLE_DEBUG_INFO = NO;
				MTL_FAST_MATH = YES;
				SDKROOT = iphoneos;
				SWIFT_COMPILATION_MODE = wholemodule;
				VALIDATE_PRODUCT = YES;
			};
			name = Release;
		};
/* End XCBuildConfiguration section */

/* Begin XCConfigurationList section */
		51C5FFEF2D7ADC2300A230C5 /* Build configuration list for PBXProject "Dreamcatcher" */ = {
			isa = XCConfigurationList;
			buildConfigurations = (
				51C5FFFD2D7ADC2400A230C5 /* Debug */,
				51C5FFFE2D7ADC2400A230C5 /* Release */,
			);
			defaultConfigurationIsVisible = 0;
			defaultConfigurationName = Release;
		};
		51C5FFFF2D7ADC2400A230C5 /* Build configuration list for PBXNativeTarget "Dreamcatcher" */ = {
			isa = XCConfigurationList;
			buildConfigurations = (
				51C500002D7ADC2400A230C5 /* Debug */,
				51C500012D7ADC2400A230C5 /* Release */,
			);
			defaultConfigurationIsVisible = 0;
			defaultConfigurationName = Release;
		};
/* End XCConfigurationList section */
	};
	rootObject = 51C5FFEC2D7ADC2300A230C5 /* Project object */;
}
